
Microsoft Visual Studio Solution File, Format Version 11.00
# Visual Studio 2010
Project("{FAE04EC0-301F-11D3-BF4B-00C04F79EFBC}") = "platformer", "Assembly-CSharp-firstpass.csproj", "{81B4CB8E-DE72-817D-016D-0395A207D63B}"
EndProject
Project("{FAE04EC0-301F-11D3-BF4B-00C04F79EFBC}") = "platformer", "Assembly-CSharp-Editor-firstpass.csproj", "{1E0119DC-4CED-C981-6E78-AA1BA234A6A9}"
EndProject
Global
	GlobalSection(SolutionConfigurationPlatforms) = preSolution
		Debug|Any CPU = Debug|Any CPU
		Release|Any CPU = Release|Any CPU
	EndGlobalSection
	GlobalSection(ProjectConfigurationPlatforms) = postSolution
		{81B4CB8E-DE72-817D-016D-0395A207D63B}.Debug|Any CPU.ActiveCfg = Debug|Any CPU
		{81B4CB8E-DE72-817D-016D-0395A207D63B}.Debug|Any CPU.Build.0 = Debug|Any CPU
		{81B4CB8E-DE72-817D-016D-0395A207D63B}.Release|Any CPU.ActiveCfg = Release|Any CPU
		{81B4CB8E-DE72-817D-016D-0395A207D63B}.Release|Any CPU.Build.0 = Release|Any CPU
		{1E0119DC-4CED-C981-6E78-AA1BA234A6A9}.Debug|Any CPU.ActiveCfg = Debug|Any CPU
		{1E0119DC-4CED-C981-6E78-AA1BA234A6A9}.Debug|Any CPU.Build.0 = Debug|Any CPU
		{1E0119DC-4CED-C981-6E78-AA1BA234A6A9}.Release|Any CPU.ActiveCfg = Release|Any CPU
		{1E0119DC-4CED-C981-6E78-AA1BA234A6A9}.Release|Any CPU.Build.0 = Release|Any CPU
	EndGlobalSection
	GlobalSection(SolutionProperties) = preSolution
		HideSolutionNode = FALSE
	EndGlobalSection
	GlobalSection(MonoDevelopProperties) = preSolution
		StartupItem = Assembly-CSharp.csproj
	EndGlobalSection
EndGlobal
